
Microsoft Visual Studio Solution File, Format Version 12.00
# Visual Studio Version 17
VisualStudioVersion = 17.3.32929.385
MinimumVisualStudioVersion = 10.0.40219.1
Project("{FAE04EC0-301F-11D3-BF4B-00C04F79EFBC}") = "27.12.2022", "27.12.2022\27.12.2022.csproj", "{27D53914-406A-49A1-B7AE-69D5DE8473B7}"
EndProject
Project("{FAE04EC0-301F-11D3-BF4B-00C04F79EFBC}") = "Model", "Model\Model.csproj", "{DBD0C592-BDF6-437B-BB09-C033C9E42A9F}"
EndProject
Project("{FAE04EC0-301F-11D3-BF4B-00C04F79EFBC}") = "Interfaces", "Interfaces\Interfaces.csproj", "{12B8D6DC-B1A8-4A2E-A5CC-F7C0D0D97FC8}"
EndProject
Project("{FAE04EC0-301F-11D3-BF4B-00C04F79EFBC}") = "DAL", "DAL\DAL.csproj", "{626A298F-C384-4AD1-982C-7BCF6FD2D8B0}"
EndProject
Project("{FAE04EC0-301F-11D3-BF4B-00C04F79EFBC}") = "BLL", "BLL\BLL.csproj", "{7EF31478-B685-430B-978B-1CD45EDE4D3E}"
EndProject
Global
	GlobalSection(SolutionConfigurationPlatforms) = preSolution
		Debug|Any CPU = Debug|Any CPU
		Release|Any CPU = Release|Any CPU
	EndGlobalSection
	GlobalSection(ProjectConfigurationPlatforms) = postSolution
		{27D53914-406A-49A1-B7AE-69D5DE8473B7}.Debug|Any CPU.ActiveCfg = Debug|Any CPU
		{27D53914-406A-49A1-B7AE-69D5DE8473B7}.Debug|Any CPU.Build.0 = Debug|Any CPU
		{27D53914-406A-49A1-B7AE-69D5DE8473B7}.Release|Any CPU.ActiveCfg = Release|Any CPU
		{27D53914-406A-49A1-B7AE-69D5DE8473B7}.Release|Any CPU.Build.0 = Release|Any CPU
		{DBD0C592-BDF6-437B-BB09-C033C9E42A9F}.Debug|Any CPU.ActiveCfg = Debug|Any CPU
		{DBD0C592-BDF6-437B-BB09-C033C9E42A9F}.Debug|Any CPU.Build.0 = Debug|Any CPU
		{DBD0C592-BDF6-437B-BB09-C033C9E42A9F}.Release|Any CPU.ActiveCfg = Release|Any CPU
		{DBD0C592-BDF6-437B-BB09-C033C9E42A9F}.Release|Any CPU.Build.0 = Release|Any CPU
		{12B8D6DC-B1A8-4A2E-A5CC-F7C0D0D97FC8}.Debug|Any CPU.ActiveCfg = Debug|Any CPU
		{12B8D6DC-B1A8-4A2E-A5CC-F7C0D0D97FC8}.Debug|Any CPU.Build.0 = Debug|Any CPU
		{12B8D6DC-B1A8-4A2E-A5CC-F7C0D0D97FC8}.Release|Any CPU.ActiveCfg = Release|Any CPU
		{12B8D6DC-B1A8-4A2E-A5CC-F7C0D0D97FC8}.Release|Any CPU.Build.0 = Release|Any CPU
		{626A298F-C384-4AD1-982C-7BCF6FD2D8B0}.Debug|Any CPU.ActiveCfg = Debug|Any CPU
		{626A298F-C384-4AD1-982C-7BCF6FD2D8B0}.Debug|Any CPU.Build.0 = Debug|Any CPU
		{626A298F-C384-4AD1-982C-7BCF6FD2D8B0}.Release|Any CPU.ActiveCfg = Release|Any CPU
		{626A298F-C384-4AD1-982C-7BCF6FD2D8B0}.Release|Any CPU.Build.0 = Release|Any CPU
		{7EF31478-B685-430B-978B-1CD45EDE4D3E}.Debug|Any CPU.ActiveCfg = Debug|Any CPU
		{7EF31478-B685-430B-978B-1CD45EDE4D3E}.Debug|Any CPU.Build.0 = Debug|Any CPU
		{7EF31478-B685-430B-978B-1CD45EDE4D3E}.Release|Any CPU.ActiveCfg = Release|Any CPU
		{7EF31478-B685-430B-978B-1CD45EDE4D3E}.Release|Any CPU.Build.0 = Release|Any CPU
	EndGlobalSection
	GlobalSection(SolutionProperties) = preSolution
		HideSolutionNode = FALSE
	EndGlobalSection
	GlobalSection(ExtensibilityGlobals) = postSolution
		SolutionGuid = {EE391976-8337-48A6-8C92-F14653A66384}
	EndGlobalSection
EndGlobal
